
Microsoft Visual Studio Solution File, Format Version 12.00
# Visual Studio Version 17
VisualStudioVersion = 17.13.35931.197 d17.13
MinimumVisualStudioVersion = 10.0.40219.1
Project("{FAE04EC0-301F-11D3-BF4B-00C04F79EFBC}") = "StudentSystem", "StudentSystem.csproj", "{F5254552-0576-494B-AD77-DD97EBBE89BF}"
EndProject
Project("{FAE04EC0-301F-11D3-BF4B-00C04F79EFBC}") = "StudentApiBusinessLayer", "..\StudentApiBusiness\StudentApiBusinessLayer.csproj", "{1FCAC08E-40BE-4BD4-A9C9-093BEFFFCD51}"
EndProject
Project("{FAE04EC0-301F-11D3-BF4B-00C04F79EFBC}") = "StudentDataAcessLayer", "..\StudentDataAcessLayer\StudentDataAcessLayer.csproj", "{9FBD1FE1-6295-4907-B91A-C358174043EE}"
EndProject
Global
	GlobalSection(SolutionConfigurationPlatforms) = preSolution
		Debug|Any CPU = Debug|Any CPU
		Release|Any CPU = Release|Any CPU
	EndGlobalSection
	GlobalSection(ProjectConfigurationPlatforms) = postSolution
		{F5254552-0576-494B-AD77-DD97EBBE89BF}.Debug|Any CPU.ActiveCfg = Debug|Any CPU
		{F5254552-0576-494B-AD77-DD97EBBE89BF}.Debug|Any CPU.Build.0 = Debug|Any CPU
		{F5254552-0576-494B-AD77-DD97EBBE89BF}.Release|Any CPU.ActiveCfg = Release|Any CPU
		{F5254552-0576-494B-AD77-DD97EBBE89BF}.Release|Any CPU.Build.0 = Release|Any CPU
		{1FCAC08E-40BE-4BD4-A9C9-093BEFFFCD51}.Debug|Any CPU.ActiveCfg = Debug|Any CPU
		{1FCAC08E-40BE-4BD4-A9C9-093BEFFFCD51}.Debug|Any CPU.Build.0 = Debug|Any CPU
		{1FCAC08E-40BE-4BD4-A9C9-093BEFFFCD51}.Release|Any CPU.ActiveCfg = Release|Any CPU
		{1FCAC08E-40BE-4BD4-A9C9-093BEFFFCD51}.Release|Any CPU.Build.0 = Release|Any CPU
		{9FBD1FE1-6295-4907-B91A-C358174043EE}.Debug|Any CPU.ActiveCfg = Debug|Any CPU
		{9FBD1FE1-6295-4907-B91A-C358174043EE}.Debug|Any CPU.Build.0 = Debug|Any CPU
		{9FBD1FE1-6295-4907-B91A-C358174043EE}.Release|Any CPU.ActiveCfg = Release|Any CPU
		{9FBD1FE1-6295-4907-B91A-C358174043EE}.Release|Any CPU.Build.0 = Release|Any CPU
	EndGlobalSection
	GlobalSection(SolutionProperties) = preSolution
		HideSolutionNode = FALSE
	EndGlobalSection
	GlobalSection(ExtensibilityGlobals) = postSolution
		SolutionGuid = {1A2BA489-6A84-427A-A5F7-79B171DCE17D}
	EndGlobalSection
EndGlobal
